
Microsoft Visual Studio Solution File, Format Version 12.00
# Visual Studio Version 16
VisualStudioVersion = 16.0.30907.101
MinimumVisualStudioVersion = 10.0.40219.1
Project("{8BC9CEB8-8B4A-11D0-8D11-00A0C91BC942}") = "9_1chapter", "CPP_TBC_CH9\CPP_TBC_CH9.vcxproj", "{68376331-5A32-4CD0-AC94-F481D6491544}"
EndProject
Project("{8BC9CEB8-8B4A-11D0-8D11-00A0C91BC942}") = "9_1chapter_practice", "9_ 1chapter_practice\9_ 1chapter_practice.vcxproj", "{90C158AA-39CC-4126-AC84-BC678B97AECD}"
EndProject
Project("{8BC9CEB8-8B4A-11D0-8D11-00A0C91BC942}") = "9_2chapter", "9_2chapter\9_2chapter.vcxproj", "{4C2431B5-D7AA-47A7-8DC0-EC717718CFCA}"
EndProject
Project("{8BC9CEB8-8B4A-11D0-8D11-00A0C91BC942}") = "9_2_1chapter", "9_2_1chapter\9_2_1chapter.vcxproj", "{32CA0811-7BB3-4BE6-AD9A-39342CF072F2}"
EndProject
Project("{8BC9CEB8-8B4A-11D0-8D11-00A0C91BC942}") = "9_3chapter", "9_3chapter\9_3chapter.vcxproj", "{85D1E93D-0CA8-44E0-826B-7C044404BD4C}"
EndProject
Project("{8BC9CEB8-8B4A-11D0-8D11-00A0C91BC942}") = "9_4chapter", "9_4chapter\9_4chapter.vcxproj", "{C6548B7D-B5B5-4070-88E4-88DA5A0914D4}"
EndProject
Project("{8BC9CEB8-8B4A-11D0-8D11-00A0C91BC942}") = "9_5chapter", "9_5chapter\9_5chapter.vcxproj", "{6D974A15-B117-47A2-8974-33B2768E7414}"
EndProject
Project("{8BC9CEB8-8B4A-11D0-8D11-00A0C91BC942}") = "9_6chapter", "9_6chapter\9_6chapter.vcxproj", "{6EDC26C7-5624-44AE-AD08-F3ECB995736C}"
EndProject
Project("{8BC9CEB8-8B4A-11D0-8D11-00A0C91BC942}") = "9_7chapter", "9_7chapter\9_7chapter.vcxproj", "{DCEA5DEC-B1E1-4127-8736-B1013DCE113B}"
EndProject
Project("{8BC9CEB8-8B4A-11D0-8D11-00A0C91BC942}") = "9_8chapter", "9_8chapter\9_8chapter.vcxproj", "{181FC0CA-9411-4E98-AD4C-11CD3E599472}"
EndProject
Project("{8BC9CEB8-8B4A-11D0-8D11-00A0C91BC942}") = "9_9chapter", "9_9chapter\9_9chapter.vcxproj", "{5C92FDA0-3B9F-4C30-9E6D-A46DA796C853}"
EndProject
Project("{8BC9CEB8-8B4A-11D0-8D11-00A0C91BC942}") = "9_10chapter", "9_10chapter\9_10chapter.vcxproj", "{53B8632A-B753-4C2F-9923-637AC6F92E7E}"
EndProject
Project("{8BC9CEB8-8B4A-11D0-8D11-00A0C91BC942}") = "9_11chapter", "9_11chapter\9_11chapter.vcxproj", "{82E8B156-F6E2-4A6E-8ADF-40934F31469D}"
EndProject
Project("{8BC9CEB8-8B4A-11D0-8D11-00A0C91BC942}") = "9_12chapter", "9_12chapter\9_12chapter.vcxproj", "{D8901240-4086-437B-B142-A3BBCE8E2E1C}"
EndProject
Project("{8BC9CEB8-8B4A-11D0-8D11-00A0C91BC942}") = "9_2_practice_chapter", "9_2_practice_chapter\9_2_practice_chapter.vcxproj", "{70E833FC-BEDA-42C0-B66D-9C99E4B1896F}"
EndProject
Project("{8BC9CEB8-8B4A-11D0-8D11-00A0C91BC942}") = "9_3_practice_chapter", "9_3_practice_chapter\9_3_practice_chapter.vcxproj", "{6AC1CCCF-D4EF-4361-8C0E-83001BC8440B}"
EndProject
Project("{8BC9CEB8-8B4A-11D0-8D11-00A0C91BC942}") = "9_4_practice_chapter", "9_4_practice_chapter\9_4_practice_chapter.vcxproj", "{7EF934E5-3D6C-4925-A6CC-A63CE70A62B7}"
EndProject
Project("{8BC9CEB8-8B4A-11D0-8D11-00A0C91BC942}") = "9_5_practice_chapter", "9_5_practice_chapter\9_5_practice_chapter.vcxproj", "{4C8D9F74-326D-49A9-8F7C-6C8ADE5D2B6E}"
EndProject
Project("{8BC9CEB8-8B4A-11D0-8D11-00A0C91BC942}") = "9_6_practice_chapter", "9_6_practice_chapter\9_6_practice_chapter.vcxproj", "{2BA22B73-0FDF-415D-8FB8-C95805E69E08}"
EndProject
Project("{8BC9CEB8-8B4A-11D0-8D11-00A0C91BC942}") = "9_7_practice_chapter", "9_7_practice_chapter\9_7_practice_chapter.vcxproj", "{2927D559-520C-4995-B8C8-0A49E01D8451}"
EndProject
Project("{8BC9CEB8-8B4A-11D0-8D11-00A0C91BC942}") = "9_8_practice_chapter", "9_8_practice_chapter\9_8_practice_chapter.vcxproj", "{E5AC0C93-5DD8-4F84-B7DA-CC8BCFF30C30}"
EndProject
Project("{8BC9CEB8-8B4A-11D0-8D11-00A0C91BC942}") = "9_9_practice_chapter", "9_9_practice_chapter\9_9_practice_chapter.vcxproj", "{FE9778F8-EF23-4D1C-8FE2-999DD999A474}"
EndProject
Project("{8BC9CEB8-8B4A-11D0-8D11-00A0C91BC942}") = "9_10_practice_chapter", "9_10_practice_chapter\9_10_practice_chapter.vcxproj", "{6513DD05-1352-4A59-AC58-D53F221B766F}"
EndProject
Project("{8BC9CEB8-8B4A-11D0-8D11-00A0C91BC942}") = "9_11_practice_chapter", "9_11_practice_chapter\9_11_practice_chapter.vcxproj", "{836A7151-731F-463F-8A75-A2A6D1C31F0C}"
EndProject
Project("{8BC9CEB8-8B4A-11D0-8D11-00A0C91BC942}") = "9_12_practice_chapter", "9_12_practice_chapter\9_12_practice_chapter.vcxproj", "{507CCE92-0F83-4CDE-9C7D-7AA6868C995E}"
EndProject
Global
	GlobalSection(SolutionConfigurationPlatforms) = preSolution
		Debug|x64 = Debug|x64
		Debug|x86 = Debug|x86
		Release|x64 = Release|x64
		Release|x86 = Release|x86
	EndGlobalSection
	GlobalSection(ProjectConfigurationPlatforms) = postSolution
		{68376331-5A32-4CD0-AC94-F481D6491544}.Debug|x64.ActiveCfg = Debug|x64
		{68376331-5A32-4CD0-AC94-F481D6491544}.Debug|x64.Build.0 = Debug|x64
		{68376331-5A32-4CD0-AC94-F481D6491544}.Debug|x86.ActiveCfg = Debug|Win32
		{68376331-5A32-4CD0-AC94-F481D6491544}.Debug|x86.Build.0 = Debug|Win32
		{68376331-5A32-4CD0-AC94-F481D6491544}.Release|x64.ActiveCfg = Release|x64
		{68376331-5A32-4CD0-AC94-F481D6491544}.Release|x64.Build.0 = Release|x64
		{68376331-5A32-4CD0-AC94-F481D6491544}.Release|x86.ActiveCfg = Release|Win32
		{68376331-5A32-4CD0-AC94-F481D6491544}.Release|x86.Build.0 = Release|Win32
		{90C158AA-39CC-4126-AC84-BC678B97AECD}.Debug|x64.ActiveCfg = Debug|x64
		{90C158AA-39CC-4126-AC84-BC678B97AECD}.Debug|x64.Build.0 = Debug|x64
		{90C158AA-39CC-4126-AC84-BC678B97AECD}.Debug|x86.ActiveCfg = Debug|Win32
		{90C158AA-39CC-4126-AC84-BC678B97AECD}.Debug|x86.Build.0 = Debug|Win32
		{90C158AA-39CC-4126-AC84-BC678B97AECD}.Release|x64.ActiveCfg = Release|x64
		{90C158AA-39CC-4126-AC84-BC678B97AECD}.Release|x64.Build.0 = Release|x64
		{90C158AA-39CC-4126-AC84-BC678B97AECD}.Release|x86.ActiveCfg = Release|Win32
		{90C158AA-39CC-4126-AC84-BC678B97AECD}.Release|x86.Build.0 = Release|Win32
		{4C2431B5-D7AA-47A7-8DC0-EC717718CFCA}.Debug|x64.ActiveCfg = Debug|x64
		{4C2431B5-D7AA-47A7-8DC0-EC717718CFCA}.Debug|x64.Build.0 = Debug|x64
		{4C2431B5-D7AA-47A7-8DC0-EC717718CFCA}.Debug|x86.ActiveCfg = Debug|Win32
		{4C2431B5-D7AA-47A7-8DC0-EC717718CFCA}.Debug|x86.Build.0 = Debug|Win32
		{4C2431B5-D7AA-47A7-8DC0-EC717718CFCA}.Release|x64.ActiveCfg = Release|x64
		{4C2431B5-D7AA-47A7-8DC0-EC717718CFCA}.Release|x64.Build.0 = Release|x64
		{4C2431B5-D7AA-47A7-8DC0-EC717718CFCA}.Release|x86.ActiveCfg = Release|Win32
		{4C2431B5-D7AA-47A7-8DC0-EC717718CFCA}.Release|x86.Build.0 = Release|Win32
		{32CA0811-7BB3-4BE6-AD9A-39342CF072F2}.Debug|x64.ActiveCfg = Debug|x64
		{32CA0811-7BB3-4BE6-AD9A-39342CF072F2}.Debug|x64.Build.0 = Debug|x64
		{32CA0811-7BB3-4BE6-AD9A-39342CF072F2}.Debug|x86.ActiveCfg = Debug|Win32
		{32CA0811-7BB3-4BE6-AD9A-39342CF072F2}.Debug|x86.Build.0 = Debug|Win32
		{32CA0811-7BB3-4BE6-AD9A-39342CF072F2}.Release|x64.ActiveCfg = Release|x64
		{32CA0811-7BB3-4BE6-AD9A-39342CF072F2}.Release|x64.Build.0 = Release|x64
		{32CA0811-7BB3-4BE6-AD9A-39342CF072F2}.Release|x86.ActiveCfg = Release|Win32
		{32CA0811-7BB3-4BE6-AD9A-39342CF072F2}.Release|x86.Build.0 = Release|Win32
		{85D1E93D-0CA8-44E0-826B-7C044404BD4C}.Debug|x64.ActiveCfg = Debug|x64
		{85D1E93D-0CA8-44E0-826B-7C044404BD4C}.Debug|x64.Build.0 = Debug|x64
		{85D1E93D-0CA8-44E0-826B-7C044404BD4C}.Debug|x86.ActiveCfg = Debug|Win32
		{85D1E93D-0CA8-44E0-826B-7C044404BD4C}.Debug|x86.Build.0 = Debug|Win32
		{85D1E93D-0CA8-44E0-826B-7C044404BD4C}.Release|x64.ActiveCfg = Release|x64
		{85D1E93D-0CA8-44E0-826B-7C044404BD4C}.Release|x64.Build.0 = Release|x64
		{85D1E93D-0CA8-44E0-826B-7C044404BD4C}.Release|x86.ActiveCfg = Release|Win32
		{85D1E93D-0CA8-44E0-826B-7C044404BD4C}.Release|x86.Build.0 = Release|Win32
		{C6548B7D-B5B5-4070-88E4-88DA5A0914D4}.Debug|x64.ActiveCfg = Debug|x64
		{C6548B7D-B5B5-4070-88E4-88DA5A0914D4}.Debug|x64.Build.0 = Debug|x64
		{C6548B7D-B5B5-4070-88E4-88DA5A0914D4}.Debug|x86.ActiveCfg = Debug|Win32
		{C6548B7D-B5B5-4070-88E4-88DA5A0914D4}.Debug|x86.Build.0 = Debug|Win32
		{C6548B7D-B5B5-4070-88E4-88DA5A0914D4}.Release|x64.ActiveCfg = Release|x64
		{C6548B7D-B5B5-4070-88E4-88DA5A0914D4}.Release|x64.Build.0 = Release|x64
		{C6548B7D-B5B5-4070-88E4-88DA5A0914D4}.Release|x86.ActiveCfg = Release|Win32
		{C6548B7D-B5B5-4070-88E4-88DA5A0914D4}.Release|x86.Build.0 = Release|Win32
		{6D974A15-B117-47A2-8974-33B2768E7414}.Debug|x64.ActiveCfg = Debug|x64
		{6D974A15-B117-47A2-8974-33B2768E7414}.Debug|x64.Build.0 = Debug|x64
		{6D974A15-B117-47A2-8974-33B2768E7414}.Debug|x86.ActiveCfg = Debug|Win32
		{6D974A15-B117-47A2-8974-33B2768E7414}.Debug|x86.Build.0 = Debug|Win32
		{6D974A15-B117-47A2-8974-33B2768E7414}.Release|x64.ActiveCfg = Release|x64
		{6D974A15-B117-47A2-8974-33B2768E7414}.Release|x64.Build.0 = Release|x64
		{6D974A15-B117-47A2-8974-33B2768E7414}.Release|x86.ActiveCfg = Release|Win32
		{6D974A15-B117-47A2-8974-33B2768E7414}.Release|x86.Build.0 = Release|Win32
		{6EDC26C7-5624-44AE-AD08-F3ECB995736C}.Debug|x64.ActiveCfg = Debug|x64
		{6EDC26C7-5624-44AE-AD08-F3ECB995736C}.Debug|x64.Build.0 = Debug|x64
		{6EDC26C7-5624-44AE-AD08-F3ECB995736C}.Debug|x86.ActiveCfg = Debug|Win32
		{6EDC26C7-5624-44AE-AD08-F3ECB995736C}.Debug|x86.Build.0 = Debug|Win32
		{6EDC26C7-5624-44AE-AD08-F3ECB995736C}.Release|x64.ActiveCfg = Release|x64
		{6EDC26C7-5624-44AE-AD08-F3ECB995736C}.Release|x64.Build.0 = Release|x64
		{6EDC26C7-5624-44AE-AD08-F3ECB995736C}.Release|x86.ActiveCfg = Release|Win32
		{6EDC26C7-5624-44AE-AD08-F3ECB995736C}.Release|x86.Build.0 = Release|Win32
		{DCEA5DEC-B1E1-4127-8736-B1013DCE113B}.Debug|x64.ActiveCfg = Debug|x64
		{DCEA5DEC-B1E1-4127-8736-B1013DCE113B}.Debug|x64.Build.0 = Debug|x64
		{DCEA5DEC-B1E1-4127-8736-B1013DCE113B}.Debug|x86.ActiveCfg = Debug|Win32
		{DCEA5DEC-B1E1-4127-8736-B1013DCE113B}.Debug|x86.Build.0 = Debug|Win32
		{DCEA5DEC-B1E1-4127-8736-B1013DCE113B}.Release|x64.ActiveCfg = Release|x64
		{DCEA5DEC-B1E1-4127-8736-B1013DCE113B}.Release|x64.Build.0 = Release|x64
		{DCEA5DEC-B1E1-4127-8736-B1013DCE113B}.Release|x86.ActiveCfg = Release|Win32
		{DCEA5DEC-B1E1-4127-8736-B1013DCE113B}.Release|x86.Build.0 = Release|Win32
		{181FC0CA-9411-4E98-AD4C-11CD3E599472}.Debug|x64.ActiveCfg = Debug|x64
		{181FC0CA-9411-4E98-AD4C-11CD3E599472}.Debug|x64.Build.0 = Debug|x64
		{181FC0CA-9411-4E98-AD4C-11CD3E599472}.Debug|x86.ActiveCfg = Debug|Win32
		{181FC0CA-9411-4E98-AD4C-11CD3E599472}.Debug|x86.Build.0 = Debug|Win32
		{181FC0CA-9411-4E98-AD4C-11CD3E599472}.Release|x64.ActiveCfg = Release|x64
		{181FC0CA-9411-4E98-AD4C-11CD3E599472}.Release|x64.Build.0 = Release|x64
		{181FC0CA-9411-4E98-AD4C-11CD3E599472}.Release|x86.ActiveCfg = Release|Win32
		{181FC0CA-9411-4E98-AD4C-11CD3E599472}.Release|x86.Build.0 = Release|Win32
		{5C92FDA0-3B9F-4C30-9E6D-A46DA796C853}.Debug|x64.ActiveCfg = Debug|x64
		{5C92FDA0-3B9F-4C30-9E6D-A46DA796C853}.Debug|x64.Build.0 = Debug|x64
		{5C92FDA0-3B9F-4C30-9E6D-A46DA796C853}.Debug|x86.ActiveCfg = Debug|Win32
		{5C92FDA0-3B9F-4C30-9E6D-A46DA796C853}.Debug|x86.Build.0 = Debug|Win32
		{5C92FDA0-3B9F-4C30-9E6D-A46DA796C853}.Release|x64.ActiveCfg = Release|x64
		{5C92FDA0-3B9F-4C30-9E6D-A46DA796C853}.Release|x64.Build.0 = Release|x64
		{5C92FDA0-3B9F-4C30-9E6D-A46DA796C853}.Release|x86.ActiveCfg = Release|Win32
		{5C92FDA0-3B9F-4C30-9E6D-A46DA796C853}.Release|x86.Build.0 = Release|Win32
		{53B8632A-B753-4C2F-9923-637AC6F92E7E}.Debug|x64.ActiveCfg = Debug|x64
		{53B8632A-B753-4C2F-9923-637AC6F92E7E}.Debug|x64.Build.0 = Debug|x64
		{53B8632A-B753-4C2F-9923-637AC6F92E7E}.Debug|x86.ActiveCfg = Debug|Win32
		{53B8632A-B753-4C2F-9923-637AC6F92E7E}.Debug|x86.Build.0 = Debug|Win32
		{53B8632A-B753-4C2F-9923-637AC6F92E7E}.Release|x64.ActiveCfg = Release|x64
		{53B8632A-B753-4C2F-9923-637AC6F92E7E}.Release|x64.Build.0 = Release|x64
		{53B8632A-B753-4C2F-9923-637AC6F92E7E}.Release|x86.ActiveCfg = Release|Win32
		{53B8632A-B753-4C2F-9923-637AC6F92E7E}.Release|x86.Build.0 = Release|Win32
		{82E8B156-F6E2-4A6E-8ADF-40934F31469D}.Debug|x64.ActiveCfg = Debug|x64
		{82E8B156-F6E2-4A6E-8ADF-40934F31469D}.Debug|x64.Build.0 = Debug|x64
		{82E8B156-F6E2-4A6E-8ADF-40934F31469D}.Debug|x86.ActiveCfg = Debug|Win32
		{82E8B156-F6E2-4A6E-8ADF-40934F31469D}.Debug|x86.Build.0 = Debug|Win32
		{82E8B156-F6E2-4A6E-8ADF-40934F31469D}.Release|x64.ActiveCfg = Release|x64
		{82E8B156-F6E2-4A6E-8ADF-40934F31469D}.Release|x64.Build.0 = Release|x64
		{82E8B156-F6E2-4A6E-8ADF-40934F31469D}.Release|x86.ActiveCfg = Release|Win32
		{82E8B156-F6E2-4A6E-8ADF-40934F31469D}.Release|x86.Build.0 = Release|Win32
		{D8901240-4086-437B-B142-A3BBCE8E2E1C}.Debug|x64.ActiveCfg = Debug|x64
		{D8901240-4086-437B-B142-A3BBCE8E2E1C}.Debug|x64.Build.0 = Debug|x64
		{D8901240-4086-437B-B142-A3BBCE8E2E1C}.Debug|x86.ActiveCfg = Debug|Win32
		{D8901240-4086-437B-B142-A3BBCE8E2E1C}.Debug|x86.Build.0 = Debug|Win32
		{D8901240-4086-437B-B142-A3BBCE8E2E1C}.Release|x64.ActiveCfg = Release|x64
		{D8901240-4086-437B-B142-A3BBCE8E2E1C}.Release|x64.Build.0 = Release|x64
		{D8901240-4086-437B-B142-A3BBCE8E2E1C}.Release|x86.ActiveCfg = Release|Win32
		{D8901240-4086-437B-B142-A3BBCE8E2E1C}.Release|x86.Build.0 = Release|Win32
		{70E833FC-BEDA-42C0-B66D-9C99E4B1896F}.Debug|x64.ActiveCfg = Debug|x64
		{70E833FC-BEDA-42C0-B66D-9C99E4B1896F}.Debug|x64.Build.0 = Debug|x64
		{70E833FC-BEDA-42C0-B66D-9C99E4B1896F}.Debug|x86.ActiveCfg = Debug|Win32
		{70E833FC-BEDA-42C0-B66D-9C99E4B1896F}.Debug|x86.Build.0 = Debug|Win32
		{70E833FC-BEDA-42C0-B66D-9C99E4B1896F}.Release|x64.ActiveCfg = Release|x64
		{70E833FC-BEDA-42C0-B66D-9C99E4B1896F}.Release|x64.Build.0 = Release|x64
		{70E833FC-BEDA-42C0-B66D-9C99E4B1896F}.Release|x86.ActiveCfg = Release|Win32
		{70E833FC-BEDA-42C0-B66D-9C99E4B1896F}.Release|x86.Build.0 = Release|Win32
		{6AC1CCCF-D4EF-4361-8C0E-83001BC8440B}.Debug|x64.ActiveCfg = Debug|x64
		{6AC1CCCF-D4EF-4361-8C0E-83001BC8440B}.Debug|x64.Build.0 = Debug|x64
		{6AC1CCCF-D4EF-4361-8C0E-83001BC8440B}.Debug|x86.ActiveCfg = Debug|Win32
		{6AC1CCCF-D4EF-4361-8C0E-83001BC8440B}.Debug|x86.Build.0 = Debug|Win32
		{6AC1CCCF-D4EF-4361-8C0E-83001BC8440B}.Release|x64.ActiveCfg = Release|x64
		{6AC1CCCF-D4EF-4361-8C0E-83001BC8440B}.Release|x64.Build.0 = Release|x64
		{6AC1CCCF-D4EF-4361-8C0E-83001BC8440B}.Release|x86.ActiveCfg = Release|Win32
		{6AC1CCCF-D4EF-4361-8C0E-83001BC8440B}.Release|x86.Build.0 = Release|Win32
		{7EF934E5-3D6C-4925-A6CC-A63CE70A62B7}.Debug|x64.ActiveCfg = Debug|x64
		{7EF934E5-3D6C-4925-A6CC-A63CE70A62B7}.Debug|x64.Build.0 = Debug|x64
		{7EF934E5-3D6C-4925-A6CC-A63CE70A62B7}.Debug|x86.ActiveCfg = Debug|Win32
		{7EF934E5-3D6C-4925-A6CC-A63CE70A62B7}.Debug|x86.Build.0 = Debug|Win32
		{7EF934E5-3D6C-4925-A6CC-A63CE70A62B7}.Release|x64.ActiveCfg = Release|x64
		{7EF934E5-3D6C-4925-A6CC-A63CE70A62B7}.Release|x64.Build.0 = Release|x64
		{7EF934E5-3D6C-4925-A6CC-A63CE70A62B7}.Release|x86.ActiveCfg = Release|Win32
		{7EF934E5-3D6C-4925-A6CC-A63CE70A62B7}.Release|x86.Build.0 = Release|Win32
		{4C8D9F74-326D-49A9-8F7C-6C8ADE5D2B6E}.Debug|x64.ActiveCfg = Debug|x64
		{4C8D9F74-326D-49A9-8F7C-6C8ADE5D2B6E}.Debug|x64.Build.0 = Debug|x64
		{4C8D9F74-326D-49A9-8F7C-6C8ADE5D2B6E}.Debug|x86.ActiveCfg = Debug|Win32
		{4C8D9F74-326D-49A9-8F7C-6C8ADE5D2B6E}.Debug|x86.Build.0 = Debug|Win32
		{4C8D9F74-326D-49A9-8F7C-6C8ADE5D2B6E}.Release|x64.ActiveCfg = Release|x64
		{4C8D9F74-326D-49A9-8F7C-6C8ADE5D2B6E}.Release|x64.Build.0 = Release|x64
		{4C8D9F74-326D-49A9-8F7C-6C8ADE5D2B6E}.Release|x86.ActiveCfg = Release|Win32
		{4C8D9F74-326D-49A9-8F7C-6C8ADE5D2B6E}.Release|x86.Build.0 = Release|Win32
		{2BA22B73-0FDF-415D-8FB8-C95805E69E08}.Debug|x64.ActiveCfg = Debug|x64
		{2BA22B73-0FDF-415D-8FB8-C95805E69E08}.Debug|x64.Build.0 = Debug|x64
		{2BA22B73-0FDF-415D-8FB8-C95805E69E08}.Debug|x86.ActiveCfg = Debug|Win32
		{2BA22B73-0FDF-415D-8FB8-C95805E69E08}.Debug|x86.Build.0 = Debug|Win32
		{2BA22B73-0FDF-415D-8FB8-C95805E69E08}.Release|x64.ActiveCfg = Release|x64
		{2BA22B73-0FDF-415D-8FB8-C95805E69E08}.Release|x64.Build.0 = Release|x64
		{2BA22B73-0FDF-415D-8FB8-C95805E69E08}.Release|x86.ActiveCfg = Release|Win32
		{2BA22B73-0FDF-415D-8FB8-C95805E69E08}.Release|x86.Build.0 = Release|Win32
		{2927D559-520C-4995-B8C8-0A49E01D8451}.Debug|x64.ActiveCfg = Debug|x64
		{2927D559-520C-4995-B8C8-0A49E01D8451}.Debug|x64.Build.0 = Debug|x64
		{2927D559-520C-4995-B8C8-0A49E01D8451}.Debug|x86.ActiveCfg = Debug|Win32
		{2927D559-520C-4995-B8C8-0A49E01D8451}.Debug|x86.Build.0 = Debug|Win32
		{2927D559-520C-4995-B8C8-0A49E01D8451}.Release|x64.ActiveCfg = Release|x64
		{2927D559-520C-4995-B8C8-0A49E01D8451}.Release|x64.Build.0 = Release|x64
		{2927D559-520C-4995-B8C8-0A49E01D8451}.Release|x86.ActiveCfg = Release|Win32
		{2927D559-520C-4995-B8C8-0A49E01D8451}.Release|x86.Build.0 = Release|Win32
		{E5AC0C93-5DD8-4F84-B7DA-CC8BCFF30C30}.Debug|x64.ActiveCfg = Debug|x64
		{E5AC0C93-5DD8-4F84-B7DA-CC8BCFF30C30}.Debug|x64.Build.0 = Debug|x64
		{E5AC0C93-5DD8-4F84-B7DA-CC8BCFF30C30}.Debug|x86.ActiveCfg = Debug|Win32
		{E5AC0C93-5DD8-4F84-B7DA-CC8BCFF30C30}.Debug|x86.Build.0 = Debug|Win32
		{E5AC0C93-5DD8-4F84-B7DA-CC8BCFF30C30}.Release|x64.ActiveCfg = Release|x64
		{E5AC0C93-5DD8-4F84-B7DA-CC8BCFF30C30}.Release|x64.Build.0 = Release|x64
		{E5AC0C93-5DD8-4F84-B7DA-CC8BCFF30C30}.Release|x86.ActiveCfg = Release|Win32
		{E5AC0C93-5DD8-4F84-B7DA-CC8BCFF30C30}.Release|x86.Build.0 = Release|Win32
		{FE9778F8-EF23-4D1C-8FE2-999DD999A474}.Debug|x64.ActiveCfg = Debug|x64
		{FE9778F8-EF23-4D1C-8FE2-999DD999A474}.Debug|x64.Build.0 = Debug|x64
		{FE9778F8-EF23-4D1C-8FE2-999DD999A474}.Debug|x86.ActiveCfg = Debug|Win32
		{FE9778F8-EF23-4D1C-8FE2-999DD999A474}.Debug|x86.Build.0 = Debug|Win32
		{FE9778F8-EF23-4D1C-8FE2-999DD999A474}.Release|x64.ActiveCfg = Release|x64
		{FE9778F8-EF23-4D1C-8FE2-999DD999A474}.Release|x64.Build.0 = Release|x64
		{FE9778F8-EF23-4D1C-8FE2-999DD999A474}.Release|x86.ActiveCfg = Release|Win32
		{FE9778F8-EF23-4D1C-8FE2-999DD999A474}.Release|x86.Build.0 = Release|Win32
		{6513DD05-1352-4A59-AC58-D53F221B766F}.Debug|x64.ActiveCfg = Debug|x64
		{6513DD05-1352-4A59-AC58-D53F221B766F}.Debug|x64.Build.0 = Debug|x64
		{6513DD05-1352-4A59-AC58-D53F221B766F}.Debug|x86.ActiveCfg = Debug|Win32
		{6513DD05-1352-4A59-AC58-D53F221B766F}.Debug|x86.Build.0 = Debug|Win32
		{6513DD05-1352-4A59-AC58-D53F221B766F}.Release|x64.ActiveCfg = Release|x64
		{6513DD05-1352-4A59-AC58-D53F221B766F}.Release|x64.Build.0 = Release|x64
		{6513DD05-1352-4A59-AC58-D53F221B766F}.Release|x86.ActiveCfg = Release|Win32
		{6513DD05-1352-4A59-AC58-D53F221B766F}.Release|x86.Build.0 = Release|Win32
		{836A7151-731F-463F-8A75-A2A6D1C31F0C}.Debug|x64.ActiveCfg = Debug|x64
		{836A7151-731F-463F-8A75-A2A6D1C31F0C}.Debug|x64.Build.0 = Debug|x64
		{836A7151-731F-463F-8A75-A2A6D1C31F0C}.Debug|x86.ActiveCfg = Debug|Win32
		{836A7151-731F-463F-8A75-A2A6D1C31F0C}.Debug|x86.Build.0 = Debug|Win32
		{836A7151-731F-463F-8A75-A2A6D1C31F0C}.Release|x64.ActiveCfg = Release|x64
		{836A7151-731F-463F-8A75-A2A6D1C31F0C}.Release|x64.Build.0 = Release|x64
		{836A7151-731F-463F-8A75-A2A6D1C31F0C}.Release|x86.ActiveCfg = Release|Win32
		{836A7151-731F-463F-8A75-A2A6D1C31F0C}.Release|x86.Build.0 = Release|Win32
		{507CCE92-0F83-4CDE-9C7D-7AA6868C995E}.Debug|x64.ActiveCfg = Debug|x64
		{507CCE92-0F83-4CDE-9C7D-7AA6868C995E}.Debug|x64.Build.0 = Debug|x64
		{507CCE92-0F83-4CDE-9C7D-7AA6868C995E}.Debug|x86.ActiveCfg = Debug|Win32
		{507CCE92-0F83-4CDE-9C7D-7AA6868C995E}.Debug|x86.Build.0 = Debug|Win32
		{507CCE92-0F83-4CDE-9C7D-7AA6868C995E}.Release|x64.ActiveCfg = Release|x64
		{507CCE92-0F83-4CDE-9C7D-7AA6868C995E}.Release|x64.Build.0 = Release|x64
		{507CCE92-0F83-4CDE-9C7D-7AA6868C995E}.Release|x86.ActiveCfg = Release|Win32
		{507CCE92-0F83-4CDE-9C7D-7AA6868C995E}.Release|x86.Build.0 = Release|Win32
	EndGlobalSection
	GlobalSection(SolutionProperties) = preSolution
		HideSolutionNode = FALSE
	EndGlobalSection
	GlobalSection(ExtensibilityGlobals) = postSolution
		SolutionGuid = {80A46393-0391-4CF0-9EF5-F81E4E00D674}
	EndGlobalSection
EndGlobal
